
Microsoft Visual Studio Solution File, Format Version 12.00
# Visual Studio Version 16
VisualStudioVersion = 16.0.31624.102
MinimumVisualStudioVersion = 10.0.40219.1
Project("{FAE04EC0-301F-11D3-BF4B-00C04F79EFBC}") = "Factors", "Factors\Factors.csproj", "{7C7D1501-82CB-4406-9684-9CF4DBE239F2}"
EndProject
Global
	GlobalSection(SolutionConfigurationPlatforms) = preSolution
		Debug|Any CPU = Debug|Any CPU
		Release|Any CPU = Release|Any CPU
	EndGlobalSection
	GlobalSection(ProjectConfigurationPlatforms) = postSolution
		{7C7D1501-82CB-4406-9684-9CF4DBE239F2}.Debug|Any CPU.ActiveCfg = Debug|Any CPU
		{7C7D1501-82CB-4406-9684-9CF4DBE239F2}.Debug|Any CPU.Build.0 = Debug|Any CPU
		{7C7D1501-82CB-4406-9684-9CF4DBE239F2}.Release|Any CPU.ActiveCfg = Release|Any CPU
		{7C7D1501-82CB-4406-9684-9CF4DBE239F2}.Release|Any CPU.Build.0 = Release|Any CPU
	EndGlobalSection
	GlobalSection(SolutionProperties) = preSolution
		HideSolutionNode = FALSE
	EndGlobalSection
	GlobalSection(ExtensibilityGlobals) = postSolution
		SolutionGuid = {6A8B191B-C463-45CA-8B1D-E66F27B1C58B}
	EndGlobalSection
EndGlobal
