
Microsoft Visual Studio Solution File, Format Version 12.00
# Visual Studio Version 16
VisualStudioVersion = 16.0.31624.102
MinimumVisualStudioVersion = 10.0.40219.1
Project("{FAE04EC0-301F-11D3-BF4B-00C04F79EFBC}") = "LargestNum", "LargestNum\LargestNum.csproj", "{D4117FB3-F434-4699-8194-73B47C70BDEC}"
EndProject
Global
	GlobalSection(SolutionConfigurationPlatforms) = preSolution
		Debug|Any CPU = Debug|Any CPU
		Release|Any CPU = Release|Any CPU
	EndGlobalSection
	GlobalSection(ProjectConfigurationPlatforms) = postSolution
		{D4117FB3-F434-4699-8194-73B47C70BDEC}.Debug|Any CPU.ActiveCfg = Debug|Any CPU
		{D4117FB3-F434-4699-8194-73B47C70BDEC}.Debug|Any CPU.Build.0 = Debug|Any CPU
		{D4117FB3-F434-4699-8194-73B47C70BDEC}.Release|Any CPU.ActiveCfg = Release|Any CPU
		{D4117FB3-F434-4699-8194-73B47C70BDEC}.Release|Any CPU.Build.0 = Release|Any CPU
	EndGlobalSection
	GlobalSection(SolutionProperties) = preSolution
		HideSolutionNode = FALSE
	EndGlobalSection
	GlobalSection(ExtensibilityGlobals) = postSolution
		SolutionGuid = {5F44D57C-AB40-42D9-8551-B190D4D59E5E}
	EndGlobalSection
EndGlobal
