
Microsoft Visual Studio Solution File, Format Version 12.00
# Visual Studio Version 16
VisualStudioVersion = 16.0.31624.102
MinimumVisualStudioVersion = 10.0.40219.1
Project("{FAE04EC0-301F-11D3-BF4B-00C04F79EFBC}") = "HarmonicSeries", "HarmonicSeries\HarmonicSeries.csproj", "{C2A5FB8F-31BA-43BF-8EE0-A2DCBB298F54}"
EndProject
Global
	GlobalSection(SolutionConfigurationPlatforms) = preSolution
		Debug|Any CPU = Debug|Any CPU
		Release|Any CPU = Release|Any CPU
	EndGlobalSection
	GlobalSection(ProjectConfigurationPlatforms) = postSolution
		{C2A5FB8F-31BA-43BF-8EE0-A2DCBB298F54}.Debug|Any CPU.ActiveCfg = Debug|Any CPU
		{C2A5FB8F-31BA-43BF-8EE0-A2DCBB298F54}.Debug|Any CPU.Build.0 = Debug|Any CPU
		{C2A5FB8F-31BA-43BF-8EE0-A2DCBB298F54}.Release|Any CPU.ActiveCfg = Release|Any CPU
		{C2A5FB8F-31BA-43BF-8EE0-A2DCBB298F54}.Release|Any CPU.Build.0 = Release|Any CPU
	EndGlobalSection
	GlobalSection(SolutionProperties) = preSolution
		HideSolutionNode = FALSE
	EndGlobalSection
	GlobalSection(ExtensibilityGlobals) = postSolution
		SolutionGuid = {41AB180E-D1A3-436D-89B5-F0E1B4E0F32C}
	EndGlobalSection
EndGlobal
